
Microsoft Visual Studio Solution File, Format Version 12.00
# Visual Studio Version 17
VisualStudioVersion = 17.3.32819.101
MinimumVisualStudioVersion = 10.0.40219.1
Project("{9A19103F-16F7-4668-BE54-9A1E7A4F7556}") = "Modsen", "Modsen\Modsen.csproj", "{B8BCF58A-3E38-4858-BA71-75487FED2DDD}"
EndProject
Project("{FAE04EC0-301F-11D3-BF4B-00C04F79EFBC}") = "Modsen.BL", "Modsen.BL\Modsen.BL.csproj", "{E42A6BF9-C0B3-4B77-86E0-81EE9E8AB575}"
EndProject
Project("{FAE04EC0-301F-11D3-BF4B-00C04F79EFBC}") = "Modsen.DL", "Modsen.DL\Modsen.DL.csproj", "{4AEC8D09-0B40-469D-8DFA-EEB4DA34B6BA}"
EndProject
Global
	GlobalSection(SolutionConfigurationPlatforms) = preSolution
		Debug|Any CPU = Debug|Any CPU
		Release|Any CPU = Release|Any CPU
	EndGlobalSection
	GlobalSection(ProjectConfigurationPlatforms) = postSolution
		{B8BCF58A-3E38-4858-BA71-75487FED2DDD}.Debug|Any CPU.ActiveCfg = Debug|Any CPU
		{B8BCF58A-3E38-4858-BA71-75487FED2DDD}.Debug|Any CPU.Build.0 = Debug|Any CPU
		{B8BCF58A-3E38-4858-BA71-75487FED2DDD}.Release|Any CPU.ActiveCfg = Release|Any CPU
		{B8BCF58A-3E38-4858-BA71-75487FED2DDD}.Release|Any CPU.Build.0 = Release|Any CPU
		{E42A6BF9-C0B3-4B77-86E0-81EE9E8AB575}.Debug|Any CPU.ActiveCfg = Debug|Any CPU
		{E42A6BF9-C0B3-4B77-86E0-81EE9E8AB575}.Debug|Any CPU.Build.0 = Debug|Any CPU
		{E42A6BF9-C0B3-4B77-86E0-81EE9E8AB575}.Release|Any CPU.ActiveCfg = Release|Any CPU
		{E42A6BF9-C0B3-4B77-86E0-81EE9E8AB575}.Release|Any CPU.Build.0 = Release|Any CPU
		{4AEC8D09-0B40-469D-8DFA-EEB4DA34B6BA}.Debug|Any CPU.ActiveCfg = Debug|Any CPU
		{4AEC8D09-0B40-469D-8DFA-EEB4DA34B6BA}.Debug|Any CPU.Build.0 = Debug|Any CPU
		{4AEC8D09-0B40-469D-8DFA-EEB4DA34B6BA}.Release|Any CPU.ActiveCfg = Release|Any CPU
		{4AEC8D09-0B40-469D-8DFA-EEB4DA34B6BA}.Release|Any CPU.Build.0 = Release|Any CPU
	EndGlobalSection
	GlobalSection(SolutionProperties) = preSolution
		HideSolutionNode = FALSE
	EndGlobalSection
	GlobalSection(ExtensibilityGlobals) = postSolution
		SolutionGuid = {A00B2E97-C087-426B-B3A7-472C5DC9ADCE}
	EndGlobalSection
EndGlobal
