
Microsoft Visual Studio Solution File, Format Version 12.00
# Visual Studio Version 17
VisualStudioVersion = 17.3.32819.101
MinimumVisualStudioVersion = 10.0.40219.1
Project("{FAE04EC0-301F-11D3-BF4B-00C04F79EFBC}") = "Modsen", "Modsen\Modsen.csproj", "{B8BCF58A-3E38-4858-BA71-75487FED2DDD}"
EndProject
Global
	GlobalSection(SolutionConfigurationPlatforms) = preSolution
		Debug|Any CPU = Debug|Any CPU
		Release|Any CPU = Release|Any CPU
	EndGlobalSection
	GlobalSection(ProjectConfigurationPlatforms) = postSolution
		{B8BCF58A-3E38-4858-BA71-75487FED2DDD}.Debug|Any CPU.ActiveCfg = Debug|Any CPU
		{B8BCF58A-3E38-4858-BA71-75487FED2DDD}.Debug|Any CPU.Build.0 = Debug|Any CPU
		{B8BCF58A-3E38-4858-BA71-75487FED2DDD}.Release|Any CPU.ActiveCfg = Release|Any CPU
		{B8BCF58A-3E38-4858-BA71-75487FED2DDD}.Release|Any CPU.Build.0 = Release|Any CPU
	EndGlobalSection
	GlobalSection(SolutionProperties) = preSolution
		HideSolutionNode = FALSE
	EndGlobalSection
	GlobalSection(ExtensibilityGlobals) = postSolution
		SolutionGuid = {A00B2E97-C087-426B-B3A7-472C5DC9ADCE}
	EndGlobalSection
EndGlobal
